# THIS IS AN AUTOGENERATED FILE. DO NOT EDIT THIS FILE DIRECTLY.
# yarn lockfile v1


"@eventflow/common@file:shared/common":
  version "1.0.0"
  dependencies:
    class-transformer "^0.5.1"
    class-validator "^0.14.2"

"@types/validator@^13.11.8":
  version "13.15.10"
  resolved "https://registry.yarnpkg.com/@types/validator/-/validator-13.15.10.tgz#742b77ec34d58554b94a76a14cef30d59e3c16b9"
  integrity sha512-T8L6i7wCuyoK8A/ZeLYt1+q0ty3Zb9+qbSSvrIVitzT3YjZqkTZ40IbRsPanlB4h1QB3JVL1SYCdR6ngtFYcuA==

class-transformer@^0.5.1:
  version "0.5.1"
  resolved "https://registry.yarnpkg.com/class-transformer/-/class-transformer-0.5.1.tgz#24147d5dffd2a6cea930a3250a677addf96ab336"
  integrity sha512-SQa1Ws6hUbfC98vKGxZH3KFY0Y1lm5Zm0SY8XX9zbK7FJCyVEac3ATW0RIpwzW+oOfmHE5PMPufDG9hCfoEOMw==

class-validator@^0.14.2:
  version "0.14.2"
  resolved "https://registry.yarnpkg.com/class-validator/-/class-validator-0.14.2.tgz#a3de95edd26b703e89c151a2023d3c115030340d"
  integrity sha512-3kMVRF2io8N8pY1IFIXlho9r8IPUUIfHe2hYVtiebvAzU2XeQFXTv+XI4WX+TnXmtwXMDcjngcpkiPM0O9PvLw==
  dependencies:
    "@types/validator" "^13.11.8"
    libphonenumber-js "^1.11.1"
    validator "^13.9.0"

libphonenumber-js@^1.11.1:
  version "1.12.29"
  resolved "https://registry.yarnpkg.com/libphonenumber-js/-/libphonenumber-js-1.12.29.tgz#1de335eff8f7c8b9e7467bb510aab1e123c09ef5"
  integrity sha512-P2aLrbeqHbmh8+9P35LXQfXOKc7XJ0ymUKl7tyeyQjdRNfzunXWxQXGc4yl3fUf28fqLRfPY+vIVvFXK7KEBTw==

typescript@^5.3.3, typescript@^5.9.3:
  version "5.9.3"
  resolved "https://registry.yarnpkg.com/typescript/-/typescript-5.9.3.tgz#5b4f59e15310ab17a216f5d6cf53ee476ede670f"
  integrity sha512-jl1vZzPDinLr9eUt3J/t7V6FgNEw9QjvBPdysz9KfQDD41fQrC2Y4vKQdiaUpFT4bXlb1RHhLpp8wtm6M5TgSw==

validator@^13.9.0:
  version "13.15.23"
  resolved "https://registry.yarnpkg.com/validator/-/validator-13.15.23.tgz#59a874f84e4594588e3409ab1edbe64e96d0c62d"
  integrity sha512-4yoz1kEWqUjzi5zsPbAS/903QXSYp0UOtHsPpp7p9rHAw/W+dkInskAE386Fat3oKRROwO98d9ZB0G4cObgUyw==
